
Microsoft Visual Studio Solution File, Format Version 12.00
# Visual Studio 15
VisualStudioVersion = 15.0.27703.2047
MinimumVisualStudioVersion = 10.0.40219.1
Project("{FAE04EC0-301F-11D3-BF4B-00C04F79EFBC}") = "WebAdmin", "WebAdmin\WebAdmin.csproj", "{1FE473B1-95C9-46E9-A391-73D4F4EA0445}"
EndProject
Global
	GlobalSection(SolutionConfigurationPlatforms) = preSolution
		Debug|Any CPU = Debug|Any CPU
		Release|Any CPU = Release|Any CPU
	EndGlobalSection
	GlobalSection(ProjectConfigurationPlatforms) = postSolution
		{1FE473B1-95C9-46E9-A391-73D4F4EA0445}.Debug|Any CPU.ActiveCfg = Debug|Any CPU
		{1FE473B1-95C9-46E9-A391-73D4F4EA0445}.Debug|Any CPU.Build.0 = Debug|Any CPU
		{1FE473B1-95C9-46E9-A391-73D4F4EA0445}.Release|Any CPU.ActiveCfg = Release|Any CPU
		{1FE473B1-95C9-46E9-A391-73D4F4EA0445}.Release|Any CPU.Build.0 = Release|Any CPU
	EndGlobalSection
	GlobalSection(SolutionProperties) = preSolution
		HideSolutionNode = FALSE
	EndGlobalSection
	GlobalSection(ExtensibilityGlobals) = postSolution
		SolutionGuid = {EBA78720-3E94-4FD8-9C7A-6CEEEE3F4DB7}
	EndGlobalSection
EndGlobal
